
Microsoft Visual Studio Solution File, Format Version 12.00
# Visual Studio 15
VisualStudioVersion = 15.0.27004.2005
MinimumVisualStudioVersion = 10.0.40219.1
Project("{8BC9CEB8-8B4A-11D0-8D11-00A0C91BC942}") = "LifeGameFast", "LifeGameFast\LifeGameFast.vcxproj", "{2C31A4B7-F42F-4A44-B3FC-7D028CD19ADD}"
EndProject
Project("{8BC9CEB8-8B4A-11D0-8D11-00A0C91BC942}") = "AlgorithmCudaNormal", "AlgorithmCudaNormal\AlgorithmCudaNormal.vcxproj", "{CFFDC796-D5BB-4D83-9828-6481F87D33D8}"
EndProject
Project("{8BC9CEB8-8B4A-11D0-8D11-00A0C91BC942}") = "AlgorithmCudaGroup", "AlgorithmCudaGroup\AlgorithmCudaGroup.vcxproj", "{94DE81A8-9AFC-41C3-91B5-9273B9024419}"
EndProject
Global
	GlobalSection(SolutionConfigurationPlatforms) = preSolution
		Debug|x64 = Debug|x64
		Debug|x86 = Debug|x86
		Release|x64 = Release|x64
		Release|x86 = Release|x86
	EndGlobalSection
	GlobalSection(ProjectConfigurationPlatforms) = postSolution
		{2C31A4B7-F42F-4A44-B3FC-7D028CD19ADD}.Debug|x64.ActiveCfg = Debug|x64
		{2C31A4B7-F42F-4A44-B3FC-7D028CD19ADD}.Debug|x64.Build.0 = Debug|x64
		{2C31A4B7-F42F-4A44-B3FC-7D028CD19ADD}.Debug|x86.ActiveCfg = Debug|Win32
		{2C31A4B7-F42F-4A44-B3FC-7D028CD19ADD}.Debug|x86.Build.0 = Debug|Win32
		{2C31A4B7-F42F-4A44-B3FC-7D028CD19ADD}.Release|x64.ActiveCfg = Release|x64
		{2C31A4B7-F42F-4A44-B3FC-7D028CD19ADD}.Release|x64.Build.0 = Release|x64
		{2C31A4B7-F42F-4A44-B3FC-7D028CD19ADD}.Release|x86.ActiveCfg = Release|Win32
		{2C31A4B7-F42F-4A44-B3FC-7D028CD19ADD}.Release|x86.Build.0 = Release|Win32
		{CFFDC796-D5BB-4D83-9828-6481F87D33D8}.Debug|x64.ActiveCfg = Debug|x64
		{CFFDC796-D5BB-4D83-9828-6481F87D33D8}.Debug|x64.Build.0 = Debug|x64
		{CFFDC796-D5BB-4D83-9828-6481F87D33D8}.Debug|x86.ActiveCfg = Debug|x64
		{CFFDC796-D5BB-4D83-9828-6481F87D33D8}.Release|x64.ActiveCfg = Release|x64
		{CFFDC796-D5BB-4D83-9828-6481F87D33D8}.Release|x64.Build.0 = Release|x64
		{CFFDC796-D5BB-4D83-9828-6481F87D33D8}.Release|x86.ActiveCfg = Release|x64
		{94DE81A8-9AFC-41C3-91B5-9273B9024419}.Debug|x64.ActiveCfg = Debug|x64
		{94DE81A8-9AFC-41C3-91B5-9273B9024419}.Debug|x64.Build.0 = Debug|x64
		{94DE81A8-9AFC-41C3-91B5-9273B9024419}.Debug|x86.ActiveCfg = Debug|x64
		{94DE81A8-9AFC-41C3-91B5-9273B9024419}.Release|x64.ActiveCfg = Release|x64
		{94DE81A8-9AFC-41C3-91B5-9273B9024419}.Release|x64.Build.0 = Release|x64
		{94DE81A8-9AFC-41C3-91B5-9273B9024419}.Release|x86.ActiveCfg = Release|x64
	EndGlobalSection
	GlobalSection(SolutionProperties) = preSolution
		HideSolutionNode = FALSE
	EndGlobalSection
	GlobalSection(ExtensibilityGlobals) = postSolution
		SolutionGuid = {EF7826FA-0D50-4E6E-B52C-5ECCE988FBAE}
	EndGlobalSection
EndGlobal
