<?xml version="1.0" encoding="utf-8"?>
<Project ToolsVersion="4.0" xmlns="http://schemas.microsoft.com/developer/msbuild/2003">
  <ItemGroup>
    <Filter Include="Source Files">
      <UniqueIdentifier>{4FC737F1-C7A5-4376-A066-2A32D752A2FF}</UniqueIdentifier>
      <Extensions>cpp;c;cc;cxx;def;odl;idl;hpj;bat;asm;asmx</Extensions>
    </Filter>
    <Filter Include="Header Files">
      <UniqueIdentifier>{93995380-89BD-4b04-88EB-625FBE52EBFB}</UniqueIdentifier>
      <Extensions>h;hh;hpp;hxx;hm;inl;inc;xsd</Extensions>
    </Filter>
    <Filter Include="Resource Files">
      <UniqueIdentifier>{67DA6AB6-F800-4c08-8B7A-83BB121AAD01}</UniqueIdentifier>
      <Extensions>rc;ico;cur;bmp;dlg;rc2;rct;bin;rgs;gif;jpg;jpeg;jpe;resx;tiff;tif;png;wav;mfcribbon-ms</Extensions>
    </Filter>
  </ItemGroup>
  <ItemGroup>
    <ClInclude Include="stdafx.h">
      <Filter>Header Files</Filter>
    </ClInclude>
    <ClInclude Include="targetver.h">
      <Filter>Header Files</Filter>
    </ClInclude>
    <ClInclude Include="WorldView.h">
      <Filter>Header Files</Filter>
    </ClInclude>
    <ClInclude Include="WorldContext.h">
      <Filter>Header Files</Filter>
    </ClInclude>
    <ClInclude Include="WindowManager.h">
      <Filter>Header Files</Filter>
    </ClInclude>
    <ClInclude Include="ControllerView.h">
      <Filter>Header Files</Filter>
    </ClInclude>
    <ClInclude Include="IView.h">
      <Filter>Header Files</Filter>
    </ClInclude>
    <ClInclude Include="AnalView.h">
      <Filter>Header Files</Filter>
    </ClInclude>
    <ClInclude Include="Values.h">
      <Filter>Header Files</Filter>
    </ClInclude>
    <ClInclude Include="LogicBase.h">
      <Filter>Header Files</Filter>
    </ClInclude>
    <ClInclude Include="LogicNormal.h">
      <Filter>Header Files</Filter>
    </ClInclude>
    <ClInclude Include="LogicNormalMP.h">
      <Filter>Header Files</Filter>
    </ClInclude>
    <ClInclude Include="LogicNormalNonTorus.h">
      <Filter>Header Files</Filter>
    </ClInclude>
    <ClInclude Include="LogicNormalNonTorusMP.h">
      <Filter>Header Files</Filter>
    </ClInclude>
    <ClInclude Include="ILogic.h">
      <Filter>Header Files</Filter>
    </ClInclude>
    <ClInclude Include="LogicNormalCuda.h">
      <Filter>Header Files</Filter>
    </ClInclude>
    <ClInclude Include="FileAccessor.h">
      <Filter>Header Files</Filter>
    </ClInclude>
    <ClInclude Include="LogicGroup.h">
      <Filter>Header Files</Filter>
    </ClInclude>
    <ClInclude Include="AnalViewAge.h">
      <Filter>Header Files</Filter>
    </ClInclude>
    <ClInclude Include="AnalViewGroup.h">
      <Filter>Header Files</Filter>
    </ClInclude>
    <ClInclude Include="LogicGroupCuda.h">
      <Filter>Header Files</Filter>
    </ClInclude>
  </ItemGroup>
  <ItemGroup>
    <ClCompile Include="stdafx.cpp">
      <Filter>Source Files</Filter>
    </ClCompile>
    <ClCompile Include="LifeGameFast.cpp">
      <Filter>Source Files</Filter>
    </ClCompile>
    <ClCompile Include="WorldView.cpp">
      <Filter>Source Files</Filter>
    </ClCompile>
    <ClCompile Include="WorldContext.cpp">
      <Filter>Source Files</Filter>
    </ClCompile>
    <ClCompile Include="WindowManager.cpp">
      <Filter>Source Files</Filter>
    </ClCompile>
    <ClCompile Include="ControllerView.cpp">
      <Filter>Source Files</Filter>
    </ClCompile>
    <ClCompile Include="AnalView.cpp">
      <Filter>Source Files</Filter>
    </ClCompile>
    <ClCompile Include="LogicBase.cpp">
      <Filter>Source Files</Filter>
    </ClCompile>
    <ClCompile Include="LogicNormal.cpp">
      <Filter>Source Files</Filter>
    </ClCompile>
    <ClCompile Include="LogicNormalMP.cpp">
      <Filter>Source Files</Filter>
    </ClCompile>
    <ClCompile Include="LogicNormalNonTorus.cpp">
      <Filter>Source Files</Filter>
    </ClCompile>
    <ClCompile Include="LogicNormalNonTorusMP.cpp">
      <Filter>Source Files</Filter>
    </ClCompile>
    <ClCompile Include="LogicNormalCuda.cpp">
      <Filter>Source Files</Filter>
    </ClCompile>
    <ClCompile Include="FileAccessor.cpp">
      <Filter>Source Files</Filter>
    </ClCompile>
    <ClCompile Include="LogicGroup.cpp">
      <Filter>Source Files</Filter>
    </ClCompile>
    <ClCompile Include="AnalViewAge.cpp">
      <Filter>Source Files</Filter>
    </ClCompile>
    <ClCompile Include="AnalViewGroup.cpp">
      <Filter>Source Files</Filter>
    </ClCompile>
    <ClCompile Include="LogicGroupCuda.cpp">
      <Filter>Source Files</Filter>
    </ClCompile>
  </ItemGroup>
</Project>